version = 1
revision = 2
requires-python = ">=3.12"

[[package]]
name = "sqlglot"
version = "29.0.1"
source = { registry = "https://pypi.org/simple" }
sdist = { url = "https://files.pythonhosted.org/packages/61/12/c3f7533fde302fcd59bebcd4c2e46d5bf0eef21f183c67995bbb010fb578/sqlglot-29.0.1.tar.gz", hash = "sha256:0010b4f77fb996c8d25dd4b16f3654e6da163ff1866ceabc70b24e791c203048", size = 5760786, upload-time = "2026-02-23T21:41:20.178Z" }
wheels = [
    { url = "https://files.pythonhosted.org/packages/ad/c9/f58c3a17beb650700f9d2eccd410726b6d96df8953663700764ca48636c7/sqlglot-29.0.1-py3-none-any.whl", hash = "sha256:06a473ea6c2b3632ac67bd38e687a6860265bf4156e66b54adeda15d07f00c65", size = 611448, upload-time = "2026-02-23T21:41:18.008Z" },
]

[[package]]
name = "sqlglot-maxcompute"
version = "0.1.0"
source = { editable = "." }
dependencies = [
    { name = "sqlglot" },
]

[package.metadata]
requires-dist = [{ name = "sqlglot", specifier = ">=29.0.1" }]
